Microsoft Visual Studio Solution File, Format Version 12.00
# 17
VisualStudioVersion = 17.11.35222.181
MinimumVisualStudioVersion = 10.0.40219.1
Project("{FAE04EC0-301F-11D3-BF4B-00C04F79EFBC}") = "BreezeAPI.WebApp", "BreezeAPI.WebApp\BreezeAPI.WebApp.csproj", "{CDA01FAA-4E4F-4797-ADB0-6E259FC14629}"
EndProject
Global
	GlobalSection(SolutionConfigurationPlatforms) = preSolution
		Debug|Any CPU = Debug|Any CPU
		Release|Any CPU = Release|Any CPU
	EndGlobalSection
	GlobalSection(ProjectConfigurationPlatforms) = postSolution
		{CDA01FAA-4E4F-4797-ADB0-6E259FC14629}.Debug|Any CPU.ActiveCfg = Debug|Any CPU
		{CDA01FAA-4E4F-4797-ADB0-6E259FC14629}.Debug|Any CPU.Build.0 = Debug|Any CPU
		{CDA01FAA-4E4F-4797-ADB0-6E259FC14629}.Release|Any CPU.ActiveCfg = Release|Any CPU
		{CDA01FAA-4E4F-4797-ADB0-6E259FC14629}.Release|Any CPU.Build.0 = Release|Any CPU
	EndGlobalSection
	GlobalSection(SolutionProperties) = preSolution
		HideSolutionNode = FALSE
	EndGlobalSection
	GlobalSection(ExtensibilityGlobals) = postSolution
		SolutionGuid = {637A8D96-161B-46E2-9F22-CFB52D40810D}
	EndGlobalSection
EndGlobal
